
Microsoft Visual Studio Solution File, Format Version 12.00
# Visual Studio Version 16
VisualStudioVersion = 16.0.35706.149
MinimumVisualStudioVersion = 10.0.40219.1
Project("{FAE04EC0-301F-11D3-BF4B-00C04F79EFBC}") = "RestaurantManagementSystem", "RestaurantManagementSystem.csproj", "{5328EF36-DC4F-44D7-AB5B-1617052E09B4}"
EndProject
Project("{FAE04EC0-301F-11D3-BF4B-00C04F79EFBC}") = "RestaurantWebsite", "..\RestaurantWebsite\RestaurantWebsite.csproj", "{ECC87F98-F64E-4D0E-A85E-6BC14697CFBE}"
EndProject
Global
	GlobalSection(SolutionConfigurationPlatforms) = preSolution
		Debug|Any CPU = Debug|Any CPU
		Release|Any CPU = Release|Any CPU
	EndGlobalSection
	GlobalSection(ProjectConfigurationPlatforms) = postSolution
		{5328EF36-DC4F-44D7-AB5B-1617052E09B4}.Debug|Any CPU.ActiveCfg = Debug|Any CPU
		{5328EF36-DC4F-44D7-AB5B-1617052E09B4}.Debug|Any CPU.Build.0 = Debug|Any CPU
		{5328EF36-DC4F-44D7-AB5B-1617052E09B4}.Release|Any CPU.ActiveCfg = Release|Any CPU
		{5328EF36-DC4F-44D7-AB5B-1617052E09B4}.Release|Any CPU.Build.0 = Release|Any CPU
		{ECC87F98-F64E-4D0E-A85E-6BC14697CFBE}.Debug|Any CPU.ActiveCfg = Debug|Any CPU
		{ECC87F98-F64E-4D0E-A85E-6BC14697CFBE}.Debug|Any CPU.Build.0 = Debug|Any CPU
		{ECC87F98-F64E-4D0E-A85E-6BC14697CFBE}.Release|Any CPU.ActiveCfg = Release|Any CPU
		{ECC87F98-F64E-4D0E-A85E-6BC14697CFBE}.Release|Any CPU.Build.0 = Release|Any CPU
	EndGlobalSection
	GlobalSection(SolutionProperties) = preSolution
		HideSolutionNode = FALSE
	EndGlobalSection
	GlobalSection(ExtensibilityGlobals) = postSolution
		SolutionGuid = {5370F9A5-FED2-439F-BA92-72E353B536D4}
	EndGlobalSection
EndGlobal
